{
  "requires": true,
  "lockfileVersion": 1,
  "dependencies": {
    "@types/google-maps": {
      "version": "3.2.2",
      "resolved": "https://registry.npmjs.org/@types/google-maps/-/google-maps-3.2.2.tgz",
      "integrity": "sha512-/XPVfS28VzUdE/HlmBRoe5ii1nNMyWujyRfRY08bD/JgmPlWSiY8enB2dqTe9mlc3kULq7LfFa1wcupM+lQfqA==",
      "dev": true,
      "requires": {
        "@types/googlemaps": "*"
      }
    },
    "@types/googlemaps": {
      "version": "3.43.3",
      "resolved": "https://registry.npmjs.org/@types/googlemaps/-/googlemaps-3.43.3.tgz",
      "integrity": "sha512-ZWNoz/O8MPEpiajvj7QiqCY8tTLFNqNZ/a+s+zTV58wFVNAvvqV4bdGfnsjTb5Cs4V6wEsLrX8XRhmnyYJ2Tdg==",
      "dev": true
    }
  }
}
